{
  "pins" : [
    {
      "identity" : "codableextensions",
      "kind" : "remoteSourceControl",
      "location" : "https://github.com/rvenieris/CodableExtensions.git",
      "state" : {
        "branch" : "main",
        "revision" : "5698b8fde715219b33042efd898d65a9a48dd73f"
      }
    },
    {
      "identity" : "uicircularprogressring",
      "kind" : "remoteSourceControl",
      "location" : "https://github.com/luispadron/UICircularProgressRing.git",
      "state" : {
        "branch" : "master",
        "revision" : "5b00b9b42b0a7db6f8239d526d7251eef9a63dcd"
      }
    }
  ],
  "version" : 2
}
